
Microsoft Visual Studio Solution File, Format Version 12.00
# Visual Studio Version 16
VisualStudioVersion = 16.0.31105.61
MinimumVisualStudioVersion = 10.0.40219.1
Project("{FAE04EC0-301F-11D3-BF4B-00C04F79EFBC}") = "senai.hroads.webApi", "senai.hroads.webApi\senai.hroads.webApi.csproj", "{AD22D18D-7226-43F6-8973-EC572E0DB9A2}"
EndProject
Global
	GlobalSection(SolutionConfigurationPlatforms) = preSolution
		Debug|Any CPU = Debug|Any CPU
		Release|Any CPU = Release|Any CPU
	EndGlobalSection
	GlobalSection(ProjectConfigurationPlatforms) = postSolution
		{AD22D18D-7226-43F6-8973-EC572E0DB9A2}.Debug|Any CPU.ActiveCfg = Debug|Any CPU
		{AD22D18D-7226-43F6-8973-EC572E0DB9A2}.Debug|Any CPU.Build.0 = Debug|Any CPU
		{AD22D18D-7226-43F6-8973-EC572E0DB9A2}.Release|Any CPU.ActiveCfg = Release|Any CPU
		{AD22D18D-7226-43F6-8973-EC572E0DB9A2}.Release|Any CPU.Build.0 = Release|Any CPU
	EndGlobalSection
	GlobalSection(SolutionProperties) = preSolution
		HideSolutionNode = FALSE
	EndGlobalSection
	GlobalSection(ExtensibilityGlobals) = postSolution
		SolutionGuid = {18C3E59B-9116-49EE-9D85-7B92DD07A9A1}
	EndGlobalSection
EndGlobal
