
Microsoft Visual Studio Solution File, Format Version 12.00
# Visual Studio Version 16
VisualStudioVersion = 16.0.31105.61
MinimumVisualStudioVersion = 10.0.40219.1
Project("{FAE04EC0-301F-11D3-BF4B-00C04F79EFBC}") = "senai_peoples_webApi", "senai_peoples_webApi\senai_peoples_webApi.csproj", "{C003F862-B9E1-440F-BE41-0A6AB62B2AAD}"
EndProject
Global
	GlobalSection(SolutionConfigurationPlatforms) = preSolution
		Debug|Any CPU = Debug|Any CPU
		Release|Any CPU = Release|Any CPU
	EndGlobalSection
	GlobalSection(ProjectConfigurationPlatforms) = postSolution
		{C003F862-B9E1-440F-BE41-0A6AB62B2AAD}.Debug|Any CPU.ActiveCfg = Debug|Any CPU
		{C003F862-B9E1-440F-BE41-0A6AB62B2AAD}.Debug|Any CPU.Build.0 = Debug|Any CPU
		{C003F862-B9E1-440F-BE41-0A6AB62B2AAD}.Release|Any CPU.ActiveCfg = Release|Any CPU
		{C003F862-B9E1-440F-BE41-0A6AB62B2AAD}.Release|Any CPU.Build.0 = Release|Any CPU
	EndGlobalSection
	GlobalSection(SolutionProperties) = preSolution
		HideSolutionNode = FALSE
	EndGlobalSection
	GlobalSection(ExtensibilityGlobals) = postSolution
		SolutionGuid = {3E92A152-8CBD-42F3-9687-718D8F6406DF}
	EndGlobalSection
EndGlobal
